
Microsoft Visual Studio Solution File, Format Version 12.00
# Visual Studio 15
VisualStudioVersion = 15.0.28307.1000
MinimumVisualStudioVersion = 10.0.40219.1
Project("{FAE04EC0-301F-11D3-BF4B-00C04F79EFBC}") = "tooorangey.DictionaryItemKeySearch", "tooorangey.DictionaryItemKeySearch.csproj", "{A3E12E8E-5D5B-45C7-89DF-F4E4E5BAFAB2}"
EndProject
Global
	GlobalSection(SolutionConfigurationPlatforms) = preSolution
		Debug|Any CPU = Debug|Any CPU
		Release|Any CPU = Release|Any CPU
	EndGlobalSection
	GlobalSection(ProjectConfigurationPlatforms) = postSolution
		{A3E12E8E-5D5B-45C7-89DF-F4E4E5BAFAB2}.Debug|Any CPU.ActiveCfg = Debug|Any CPU
		{A3E12E8E-5D5B-45C7-89DF-F4E4E5BAFAB2}.Debug|Any CPU.Build.0 = Debug|Any CPU
		{A3E12E8E-5D5B-45C7-89DF-F4E4E5BAFAB2}.Release|Any CPU.ActiveCfg = Release|Any CPU
		{A3E12E8E-5D5B-45C7-89DF-F4E4E5BAFAB2}.Release|Any CPU.Build.0 = Release|Any CPU
	EndGlobalSection
	GlobalSection(SolutionProperties) = preSolution
		HideSolutionNode = FALSE
	EndGlobalSection
	GlobalSection(ExtensibilityGlobals) = postSolution
		SolutionGuid = {A34CB179-69CF-47DE-BD52-2C6954A761C1}
	EndGlobalSection
EndGlobal
